// !$*UTF8*$!
{
	archiveVersion = 1;
	classes = {
	};
	objectVersion = 52;
	objects = {

/* Begin PBXBuildFile section */
		0431AF61273E28E900CD3A6E /* StoreKit.framework in Frameworks */ = {isa = PBXBuildFile; fileRef = 0431AF60273E28E800CD3A6E /* StoreKit.framework */; };
		0466D66D274DF6B7005D229D /* PayWallHeaderView.swift in Sources */ = {isa = PBXBuildFile; fileRef = 0466D66C274DF6B7005D229D /* PayWallHeaderView.swift */; };
		0466D66F274F31C5005D229D /* Extensions.swift in Sources */ = {isa = PBXBuildFile; fileRef = 0466D66E274F31C5005D229D /* Extensions.swift */; };
		0466D671275487F9005D229D /* PayWallDescriptionView.swift in Sources */ = {isa = PBXBuildFile; fileRef = 0466D670275487F9005D229D /* PayWallDescriptionView.swift */; };
		048DDF9427226CD600A818BD /* PayWallViewController.swift in Sources */ = {isa = PBXBuildFile; fileRef = 048DDF9327226CD600A818BD /* PayWallViewController.swift */; };
		0497D0D32708804D00781699 /* ProfileViewController.swift in Sources */ = {isa = PBXBuildFile; fileRef = 0497D0D22708804D00781699 /* ProfileViewController.swift */; };
		0497D0D5270880F700781699 /* TabBarViewController.swift in Sources */ = {isa = PBXBuildFile; fileRef = 0497D0D4270880F700781699 /* TabBarViewController.swift */; };
		0497D0D7270AA3BA00781699 /* SignInViewController.swift in Sources */ = {isa = PBXBuildFile; fileRef = 0497D0D6270AA3BA00781699 /* SignInViewController.swift */; };
		0497D0D9270AA3E200781699 /* SignUpViewController.swift in Sources */ = {isa = PBXBuildFile; fileRef = 0497D0D8270AA3E200781699 /* SignUpViewController.swift */; };
		0497D0DB270AA40E00781699 /* ViewPostViewController.swift in Sources */ = {isa = PBXBuildFile; fileRef = 0497D0DA270AA40E00781699 /* ViewPostViewController.swift */; };
		0497D0DD270AA43100781699 /* CreateNewPostViewController.swift in Sources */ = {isa = PBXBuildFile; fileRef = 0497D0DC270AA43100781699 /* CreateNewPostViewController.swift */; };
		0497D0DF270AA5D400781699 /* IAPManager.swift in Sources */ = {isa = PBXBuildFile; fileRef = 0497D0DE270AA5D400781699 /* IAPManager.swift */; };
		0497D0E1270AA5F800781699 /* DatabaseManager.swift in Sources */ = {isa = PBXBuildFile; fileRef = 0497D0E0270AA5F800781699 /* DatabaseManager.swift */; };
		0497D0E3270AA61800781699 /* AuthManager.swift in Sources */ = {isa = PBXBuildFile; fileRef = 0497D0E2270AA61800781699 /* AuthManager.swift */; };
		0497D0E5270AA63E00781699 /* StorageManager.swift in Sources */ = {isa = PBXBuildFile; fileRef = 0497D0E4270AA63E00781699 /* StorageManager.swift */; };
		0497D0EB270E94F600781699 /* FirebaseAuth in Frameworks */ = {isa = PBXBuildFile; productRef = 0497D0EA270E94F600781699 /* FirebaseAuth */; };
		0497D0ED270E94F600781699 /* FirebaseStorage in Frameworks */ = {isa = PBXBuildFile; productRef = 0497D0EC270E94F600781699 /* FirebaseStorage */; };
		0497D0EF270E94F600781699 /* FirebaseFirestore in Frameworks */ = {isa = PBXBuildFile; productRef = 0497D0EE270E94F600781699 /* FirebaseFirestore */; };
		0497D0F1270FE8C900781699 /* GoogleService-Info.plist in Resources */ = {isa = PBXBuildFile; fileRef = 0497D0F0270FE8C900781699 /* GoogleService-Info.plist */; };
		0497D0F42713F1D200781699 /* Purchases in Frameworks */ = {isa = PBXBuildFile; productRef = 0497D0F32713F1D200781699 /* Purchases */; };
		04EC6647271FC1FC009ED137 /* User.swift in Sources */ = {isa = PBXBuildFile; fileRef = 04EC6646271FC1FC009ED137 /* User.swift */; };
		04EC6649271FC21A009ED137 /* BlogPost.swift in Sources */ = {isa = PBXBuildFile; fileRef = 04EC6648271FC21A009ED137 /* BlogPost.swift */; };
		04EE19722708691600027E54 /* AppDelegate.swift in Sources */ = {isa = PBXBuildFile; fileRef = 04EE19712708691600027E54 /* AppDelegate.swift */; };
		04EE19742708691600027E54 /* SceneDelegate.swift in Sources */ = {isa = PBXBuildFile; fileRef = 04EE19732708691600027E54 /* SceneDelegate.swift */; };
		04EE19762708691600027E54 /* HomeViewController.swift in Sources */ = {isa = PBXBuildFile; fileRef = 04EE19752708691600027E54 /* HomeViewController.swift */; };
		04EE197B2708691900027E54 /* Assets.xcassets in Resources */ = {isa = PBXBuildFile; fileRef = 04EE197A2708691900027E54 /* Assets.xcassets */; };
		04EE197E2708691900027E54 /* LaunchScreen.storyboard in Resources */ = {isa = PBXBuildFile; fileRef = 04EE197C2708691900027E54 /* LaunchScreen.storyboard */; };
/* End PBXBuildFile section */

/* Begin PBXFileReference section */
		0431AF60273E28E800CD3A6E /* StoreKit.framework */ = {isa = PBXFileReference; lastKnownFileType = wrapper.framework; name = StoreKit.framework; path = System/Library/Frameworks/StoreKit.framework; sourceTree = SDKROOT; };
		0466D66B274CA2FB005D229D /* Configuration.storekit */ = {isa = PBXFileReference; lastKnownFileType = text; path = Configuration.storekit; sourceTree = "<group>"; };
		0466D66C274DF6B7005D229D /* PayWallHeaderView.swift */ = {isa = PBXFileReference; lastKnownFileType = sourcecode.swift; path = PayWallHeaderView.swift; sourceTree = "<group>"; };
		0466D66E274F31C5005D229D /* Extensions.swift */ = {isa = PBXFileReference; lastKnownFileType = sourcecode.swift; path = Extensions.swift; sourceTree = "<group>"; };
		0466D670275487F9005D229D /* PayWallDescriptionView.swift */ = {isa = PBXFileReference; lastKnownFileType = sourcecode.swift; path = PayWallDescriptionView.swift; sourceTree = "<group>"; };
		048DDF9327226CD600A818BD /* PayWallViewController.swift */ = {isa = PBXFileReference; lastKnownFileType = sourcecode.swift; path = PayWallViewController.swift; sourceTree = "<group>"; };
		0497D0D22708804D00781699 /* ProfileViewController.swift */ = {isa = PBXFileReference; lastKnownFileType = sourcecode.swift; path = ProfileViewController.swift; sourceTree = "<group>"; };
		0497D0D4270880F700781699 /* TabBarViewController.swift */ = {isa = PBXFileReference; lastKnownFileType = sourcecode.swift; path = TabBarViewController.swift; sourceTree = "<group>"; };
		0497D0D6270AA3BA00781699 /* SignInViewController.swift */ = {isa = PBXFileReference; lastKnownFileType = sourcecode.swift; path = SignInViewController.swift; sourceTree = "<group>"; };
		0497D0D8270AA3E200781699 /* SignUpViewController.swift */ = {isa = PBXFileReference; lastKnownFileType = sourcecode.swift; path = SignUpViewController.swift; sourceTree = "<group>"; };
		0497D0DA270AA40E00781699 /* ViewPostViewController.swift */ = {isa = PBXFileReference; lastKnownFileType = sourcecode.swift; path = ViewPostViewController.swift; sourceTree = "<group>"; };
		0497D0DC270AA43100781699 /* CreateNewPostViewController.swift */ = {isa = PBXFileReference; lastKnownFileType = sourcecode.swift; path = CreateNewPostViewController.swift; sourceTree = "<group>"; };
		0497D0DE270AA5D400781699 /* IAPManager.swift */ = {isa = PBXFileReference; lastKnownFileType = sourcecode.swift; path = IAPManager.swift; sourceTree = "<group>"; };
		0497D0E0270AA5F800781699 /* DatabaseManager.swift */ = {isa = PBXFileReference; lastKnownFileType = sourcecode.swift; path = DatabaseManager.swift; sourceTree = "<group>"; };
		0497D0E2270AA61800781699 /* AuthManager.swift */ = {isa = PBXFileReference; lastKnownFileType = sourcecode.swift; path = AuthManager.swift; sourceTree = "<group>"; };
		0497D0E4270AA63E00781699 /* StorageManager.swift */ = {isa = PBXFileReference; lastKnownFileType = sourcecode.swift; path = StorageManager.swift; sourceTree = "<group>"; };
		0497D0F0270FE8C900781699 /* GoogleService-Info.plist */ = {isa = PBXFileReference; fileEncoding = 4; lastKnownFileType = text.plist.xml; path = "GoogleService-Info.plist"; sourceTree = "<group>"; };
		04EC6646271FC1FC009ED137 /* User.swift */ = {isa = PBXFileReference; lastKnownFileType = sourcecode.swift; path = User.swift; sourceTree = "<group>"; };
		04EC6648271FC21A009ED137 /* BlogPost.swift */ = {isa = PBXFileReference; lastKnownFileType = sourcecode.swift; path = BlogPost.swift; sourceTree = "<group>"; };
		04EE196E2708691600027E54 /* Thoughts.app */ = {isa = PBXFileReference; explicitFileType = wrapper.application; includeInIndex = 0; path = Thoughts.app; sourceTree = BUILT_PRODUCTS_DIR; };
		04EE19712708691600027E54 /* AppDelegate.swift */ = {isa = PBXFileReference; lastKnownFileType = sourcecode.swift; path = AppDelegate.swift; sourceTree = "<group>"; };
		04EE19732708691600027E54 /* SceneDelegate.swift */ = {isa = PBXFileReference; lastKnownFileType = sourcecode.swift; path = SceneDelegate.swift; sourceTree = "<group>"; };
		04EE19752708691600027E54 /* HomeViewController.swift */ = {isa = PBXFileReference; lastKnownFileType = sourcecode.swift; path = HomeViewController.swift; sourceTree = "<group>"; };
		04EE197A2708691900027E54 /* Assets.xcassets */ = {isa = PBXFileReference; lastKnownFileType = folder.assetcatalog; path = Assets.xcassets; sourceTree = "<group>"; };
		04EE197D2708691900027E54 /* Base */ = {isa = PBXFileReference; lastKnownFileType = file.storyboard; name = Base; path = Base.lproj/LaunchScreen.storyboard; sourceTree = "<group>"; };
		04EE197F2708691900027E54 /* Info.plist */ = {isa = PBXFileReference; lastKnownFileType = text.plist.xml; path = Info.plist; sourceTree = "<group>"; };
/* End PBXFileReference section */

/* Begin PBXFrameworksBuildPhase section */
		04EE196B2708691600027E54 /* Frameworks */ = {
			isa = PBXFrameworksBuildPhase;
			buildActionMask = 2147483647;
			files = (
				0497D0EB270E94F600781699 /* FirebaseAuth in Frameworks */,
				0497D0ED270E94F600781699 /* FirebaseStorage in Frameworks */,
				0431AF61273E28E900CD3A6E /* StoreKit.framework in Frameworks */,
				0497D0EF270E94F600781699 /* FirebaseFirestore in Frameworks */,
				0497D0F42713F1D200781699 /* Purchases in Frameworks */,
			);
			runOnlyForDeploymentPostprocessing = 0;
		};
/* End PBXFrameworksBuildPhase section */

/* Begin PBXGroup section */
		0431AF5F273E28E800CD3A6E /* Frameworks */ = {
			isa = PBXGroup;
			children = (
				0431AF60273E28E800CD3A6E /* StoreKit.framework */,
			);
			name = Frameworks;
			sourceTree = "<group>";
		};
		048DDF9227226C1400A818BD /* Other */ = {
			isa = PBXGroup;
			children = (
				048DDF9327226CD600A818BD /* PayWallViewController.swift */,
			);
			path = Other;
			sourceTree = "<group>";
		};
		0497D0E6270D557C00781699 /* Core Tabs */ = {
			isa = PBXGroup;
			children = (
				0466D66B274CA2FB005D229D /* Configuration.storekit */,
				04EE19752708691600027E54 /* HomeViewController.swift */,
				0497D0D22708804D00781699 /* ProfileViewController.swift */,
				0497D0D4270880F700781699 /* TabBarViewController.swift */,
			);
			path = "Core Tabs";
			sourceTree = "<group>";
		};
		0497D0E7270D55B000781699 /* Auth */ = {
			isa = PBXGroup;
			children = (
				0497D0D6270AA3BA00781699 /* SignInViewController.swift */,
				0497D0D8270AA3E200781699 /* SignUpViewController.swift */,
			);
			path = Auth;
			sourceTree = "<group>";
		};
		0497D0E8270D55C200781699 /* Posts */ = {
			isa = PBXGroup;
			children = (
				0497D0DA270AA40E00781699 /* ViewPostViewController.swift */,
				0497D0DC270AA43100781699 /* CreateNewPostViewController.swift */,
			);
			path = Posts;
			sourceTree = "<group>";
		};
		04EE19652708691500027E54 = {
			isa = PBXGroup;
			children = (
				04EE19702708691600027E54 /* Thoughts */,
				04EE196F2708691600027E54 /* Products */,
				0431AF5F273E28E800CD3A6E /* Frameworks */,
			);
			sourceTree = "<group>";
		};
		04EE196F2708691600027E54 /* Products */ = {
			isa = PBXGroup;
			children = (
				04EE196E2708691600027E54 /* Thoughts.app */,
			);
			name = Products;
			sourceTree = "<group>";
		};
		04EE19702708691600027E54 /* Thoughts */ = {
			isa = PBXGroup;
			children = (
				04EE198A27087CB900027E54 /* Managers */,
				04EE198827087C9E00027E54 /* Other */,
				04EE198727087C8F00027E54 /* Controllers */,
				04EE198627087C8500027E54 /* Views */,
				04EE198527087C6E00027E54 /* Models */,
				04EE197F2708691900027E54 /* Info.plist */,
			);
			path = Thoughts;
			sourceTree = "<group>";
		};
		04EE198527087C6E00027E54 /* Models */ = {
			isa = PBXGroup;
			children = (
				04EC6646271FC1FC009ED137 /* User.swift */,
				04EC6648271FC21A009ED137 /* BlogPost.swift */,
			);
			path = Models;
			sourceTree = "<group>";
		};
		04EE198627087C8500027E54 /* Views */ = {
			isa = PBXGroup;
			children = (
				04EE197C2708691900027E54 /* LaunchScreen.storyboard */,
				0466D66C274DF6B7005D229D /* PayWallHeaderView.swift */,
				0466D670275487F9005D229D /* PayWallDescriptionView.swift */,
			);
			path = Views;
			sourceTree = "<group>";
		};
		04EE198727087C8F00027E54 /* Controllers */ = {
			isa = PBXGroup;
			children = (
				048DDF9227226C1400A818BD /* Other */,
				0497D0E7270D55B000781699 /* Auth */,
				0497D0E6270D557C00781699 /* Core Tabs */,
				0497D0E8270D55C200781699 /* Posts */,
			);
			path = Controllers;
			sourceTree = "<group>";
		};
		04EE198827087C9E00027E54 /* Other */ = {
			isa = PBXGroup;
			children = (
				04EE197A2708691900027E54 /* Assets.xcassets */,
				04EE19712708691600027E54 /* AppDelegate.swift */,
				0497D0F0270FE8C900781699 /* GoogleService-Info.plist */,
				04EE19732708691600027E54 /* SceneDelegate.swift */,
				0466D66E274F31C5005D229D /* Extensions.swift */,
			);
			path = Other;
			sourceTree = "<group>";
		};
		04EE198A27087CB900027E54 /* Managers */ = {
			isa = PBXGroup;
			children = (
				0497D0DE270AA5D400781699 /* IAPManager.swift */,
				0497D0E0270AA5F800781699 /* DatabaseManager.swift */,
				0497D0E2270AA61800781699 /* AuthManager.swift */,
				0497D0E4270AA63E00781699 /* StorageManager.swift */,
			);
			path = Managers;
			sourceTree = "<group>";
		};
/* End PBXGroup section */

/* Begin PBXNativeTarget section */
		04EE196D2708691600027E54 /* Thoughts */ = {
			isa = PBXNativeTarget;
			buildConfigurationList = 04EE19822708691900027E54 /* Build configuration list for PBXNativeTarget "Thoughts" */;
			buildPhases = (
				04EE196A2708691600027E54 /* Sources */,
				04EE196B2708691600027E54 /* Frameworks */,
				04EE196C2708691600027E54 /* Resources */,
			);
			buildRules = (
			);
			dependencies = (
			);
			name = Thoughts;
			packageProductDependencies = (
				0497D0EA270E94F600781699 /* FirebaseAuth */,
				0497D0EC270E94F600781699 /* FirebaseStorage */,
				0497D0EE270E94F600781699 /* FirebaseFirestore */,
				0497D0F32713F1D200781699 /* Purchases */,
			);
			productName = Thoughts;
			productReference = 04EE196E2708691600027E54 /* Thoughts.app */;
			productType = "com.apple.product-type.application";
		};
/* End PBXNativeTarget section */

/* Begin PBXProject section */
		04EE19662708691500027E54 /* Project object */ = {
			isa = PBXProject;
			attributes = {
				LastSwiftUpdateCheck = 1250;
				LastUpgradeCheck = 1250;
				TargetAttributes = {
					04EE196D2708691600027E54 = {
						CreatedOnToolsVersion = 12.5.1;
					};
				};
			};
			buildConfigurationList = 04EE19692708691500027E54 /* Build configuration list for PBXProject "Thoughts" */;
			compatibilityVersion = "Xcode 9.3";
			developmentRegion = en;
			hasScannedForEncodings = 0;
			knownRegions = (
				en,
				Base,
			);
			mainGroup = 04EE19652708691500027E54;
			packageReferences = (
				0497D0E9270E94F600781699 /* XCRemoteSwiftPackageReference "firebase-ios-sdk" */,
				0497D0F22713F1D200781699 /* XCRemoteSwiftPackageReference "purchases-ios" */,
			);
			productRefGroup = 04EE196F2708691600027E54 /* Products */;
			projectDirPath = "";
			projectRoot = "";
			targets = (
				04EE196D2708691600027E54 /* Thoughts */,
			);
		};
/* End PBXProject section */

/* Begin PBXResourcesBuildPhase section */
		04EE196C2708691600027E54 /* Resources */ = {
			isa = PBXResourcesBuildPhase;
			buildActionMask = 2147483647;
			files = (
				04EE197E2708691900027E54 /* LaunchScreen.storyboard in Resources */,
				04EE197B2708691900027E54 /* Assets.xcassets in Resources */,
				0497D0F1270FE8C900781699 /* GoogleService-Info.plist in Resources */,
			);
			runOnlyForDeploymentPostprocessing = 0;
		};
/* End PBXResourcesBuildPhase section */

/* Begin PBXSourcesBuildPhase section */
		04EE196A2708691600027E54 /* Sources */ = {
			isa = PBXSourcesBuildPhase;
			buildActionMask = 2147483647;
			files = (
				04EC6649271FC21A009ED137 /* BlogPost.swift in Sources */,
				0466D671275487F9005D229D /* PayWallDescriptionView.swift in Sources */,
				0466D66F274F31C5005D229D /* Extensions.swift in Sources */,
				04EE19762708691600027E54 /* HomeViewController.swift in Sources */,
				0497D0E3270AA61800781699 /* AuthManager.swift in Sources */,
				0497D0E1270AA5F800781699 /* DatabaseManager.swift in Sources */,
				0497D0D9270AA3E200781699 /* SignUpViewController.swift in Sources */,
				0466D66D274DF6B7005D229D /* PayWallHeaderView.swift in Sources */,
				04EE19722708691600027E54 /* AppDelegate.swift in Sources */,
				0497D0D7270AA3BA00781699 /* SignInViewController.swift in Sources */,
				04EC6647271FC1FC009ED137 /* User.swift in Sources */,
				0497D0D32708804D00781699 /* ProfileViewController.swift in Sources */,
				0497D0DD270AA43100781699 /* CreateNewPostViewController.swift in Sources */,
				0497D0DF270AA5D400781699 /* IAPManager.swift in Sources */,
				0497D0D5270880F700781699 /* TabBarViewController.swift in Sources */,
				04EE19742708691600027E54 /* SceneDelegate.swift in Sources */,
				0497D0DB270AA40E00781699 /* ViewPostViewController.swift in Sources */,
				0497D0E5270AA63E00781699 /* StorageManager.swift in Sources */,
				048DDF9427226CD600A818BD /* PayWallViewController.swift in Sources */,
			);
			runOnlyForDeploymentPostprocessing = 0;
		};
/* End PBXSourcesBuildPhase section */

/* Begin PBXVariantGroup section */
		04EE197C2708691900027E54 /* LaunchScreen.storyboard */ = {
			isa = PBXVariantGroup;
			children = (
				04EE197D2708691900027E54 /* Base */,
			);
			name = LaunchScreen.storyboard;
			sourceTree = "<group>";
		};
/* End PBXVariantGroup section */

/* Begin XCBuildConfiguration section */
		04EE19802708691900027E54 /* Debug */ = {
			isa = XCBuildConfiguration;
			buildSettings = {
				ALWAYS_SEARCH_USER_PATHS = NO;
				CLANG_ANALYZER_NONNULL = YES;
				CLANG_ANALYZER_NUMBER_OBJECT_CONVERSION = YES_AGGRESSIVE;
				CLANG_CXX_LANGUAGE_STANDARD = "gnu++14";
				CLANG_CXX_LIBRARY = "libc++";
				CLANG_ENABLE_MODULES = YES;
				CLANG_ENABLE_OBJC_ARC = YES;
				CLANG_ENABLE_OBJC_WEAK = YES;
				CLANG_WARN_BLOCK_CAPTURE_AUTORELEASING = YES;
				CLANG_WARN_BOOL_CONVERSION = YES;
				CLANG_WARN_COMMA = YES;
				CLANG_WARN_CONSTANT_CONVERSION = YES;
				CLANG_WARN_DEPRECATED_OBJC_IMPLEMENTATIONS = YES;
				CLANG_WARN_DIRECT_OBJC_ISA_USAGE = YES_ERROR;
				CLANG_WARN_DOCUMENTATION_COMMENTS = YES;
				CLANG_WARN_EMPTY_BODY = YES;
				CLANG_WARN_ENUM_CONVERSION = YES;
				CLANG_WARN_INFINITE_RECURSION = YES;
				CLANG_WARN_INT_CONVERSION = YES;
				CLANG_WARN_NON_LITERAL_NULL_CONVERSION = YES;
				CLANG_WARN_OBJC_IMPLICIT_RETAIN_SELF = YES;
				CLANG_WARN_OBJC_LITERAL_CONVERSION = YES;
				CLANG_WARN_OBJC_ROOT_CLASS = YES_ERROR;
				CLANG_WARN_QUOTED_INCLUDE_IN_FRAMEWORK_HEADER = YES;
				CLANG_WARN_RANGE_LOOP_ANALYSIS = YES;
				CLANG_WARN_STRICT_PROTOTYPES = YES;
				CLANG_WARN_SUSPICIOUS_MOVE = YES;
				CLANG_WARN_UNGUARDED_AVAILABILITY = YES_AGGRESSIVE;
				CLANG_WARN_UNREACHABLE_CODE = YES;
				CLANG_WARN__DUPLICATE_METHOD_MATCH = YES;
				COPY_PHASE_STRIP = NO;
				DEBUG_INFORMATION_FORMAT = dwarf;
				ENABLE_STRICT_OBJC_MSGSEND = YES;
				ENABLE_TESTABILITY = YES;
				GCC_C_LANGUAGE_STANDARD = gnu11;
				GCC_DYNAMIC_NO_PIC = NO;
				GCC_NO_COMMON_BLOCKS = YES;
				GCC_OPTIMIZATION_LEVEL = 0;
				GCC_PREPROCESSOR_DEFINITIONS = (
					"DEBUG=1",
					"$(inherited)",
				);
				GCC_WARN_64_TO_32_BIT_CONVERSION = YES;
				GCC_WARN_ABOUT_RETURN_TYPE = YES_ERROR;
				GCC_WARN_UNDECLARED_SELECTOR = YES;
				GCC_WARN_UNINITIALIZED_AUTOS = YES_AGGRESSIVE;
				GCC_WARN_UNUSED_FUNCTION = YES;
				GCC_WARN_UNUSED_VARIABLE = YES;
				IPHONEOS_DEPLOYMENT_TARGET = 14.5;
				MTL_ENABLE_DEBUG_INFO = INCLUDE_SOURCE;
				MTL_FAST_MATH = YES;
				ONLY_ACTIVE_ARCH = YES;
				SDKROOT = iphoneos;
				SWIFT_ACTIVE_COMPILATION_CONDITIONS = DEBUG;
				SWIFT_OPTIMIZATION_LEVEL = "-Onone";
			};
			name = Debug;
		};
		04EE19812708691900027E54 /* Release */ = {
			isa = XCBuildConfiguration;
			buildSettings = {
				ALWAYS_SEARCH_USER_PATHS = NO;
				CLANG_ANALYZER_NONNULL = YES;
				CLANG_ANALYZER_NUMBER_OBJECT_CONVERSION = YES_AGGRESSIVE;
				CLANG_CXX_LANGUAGE_STANDARD = "gnu++14";
				CLANG_CXX_LIBRARY = "libc++";
				CLANG_ENABLE_MODULES = YES;
				CLANG_ENABLE_OBJC_ARC = YES;
				CLANG_ENABLE_OBJC_WEAK = YES;
				CLANG_WARN_BLOCK_CAPTURE_AUTORELEASING = YES;
				CLANG_WARN_BOOL_CONVERSION = YES;
				CLANG_WARN_COMMA = YES;
				CLANG_WARN_CONSTANT_CONVERSION = YES;
				CLANG_WARN_DEPRECATED_OBJC_IMPLEMENTATIONS = YES;
				CLANG_WARN_DIRECT_OBJC_ISA_USAGE = YES_ERROR;
				CLANG_WARN_DOCUMENTATION_COMMENTS = YES;
				CLANG_WARN_EMPTY_BODY = YES;
				CLANG_WARN_ENUM_CONVERSION = YES;
				CLANG_WARN_INFINITE_RECURSION = YES;
				CLANG_WARN_INT_CONVERSION = YES;
				CLANG_WARN_NON_LITERAL_NULL_CONVERSION = YES;
				CLANG_WARN_OBJC_IMPLICIT_RETAIN_SELF = YES;
				CLANG_WARN_OBJC_LITERAL_CONVERSION = YES;
				CLANG_WARN_OBJC_ROOT_CLASS = YES_ERROR;
				CLANG_WARN_QUOTED_INCLUDE_IN_FRAMEWORK_HEADER = YES;
				CLANG_WARN_RANGE_LOOP_ANALYSIS = YES;
				CLANG_WARN_STRICT_PROTOTYPES = YES;
				CLANG_WARN_SUSPICIOUS_MOVE = YES;
				CLANG_WARN_UNGUARDED_AVAILABILITY = YES_AGGRESSIVE;
				CLANG_WARN_UNREACHABLE_CODE = YES;
				CLANG_WARN__DUPLICATE_METHOD_MATCH = YES;
				COPY_PHASE_STRIP = NO;
				DEBUG_INFORMATION_FORMAT = "dwarf-with-dsym";
				ENABLE_NS_ASSERTIONS = NO;
				ENABLE_STRICT_OBJC_MSGSEND = YES;
				GCC_C_LANGUAGE_STANDARD = gnu11;
				GCC_NO_COMMON_BLOCKS = YES;
				GCC_WARN_64_TO_32_BIT_CONVERSION = YES;
				GCC_WARN_ABOUT_RETURN_TYPE = YES_ERROR;
				GCC_WARN_UNDECLARED_SELECTOR = YES;
				GCC_WARN_UNINITIALIZED_AUTOS = YES_AGGRESSIVE;
				GCC_WARN_UNUSED_FUNCTION = YES;
				GCC_WARN_UNUSED_VARIABLE = YES;
				IPHONEOS_DEPLOYMENT_TARGET = 14.5;
				MTL_ENABLE_DEBUG_INFO = NO;
				MTL_FAST_MATH = YES;
				SDKROOT = iphoneos;
				SWIFT_COMPILATION_MODE = wholemodule;
				SWIFT_OPTIMIZATION_LEVEL = "-O";
				VALIDATE_PRODUCT = YES;
			};
			name = Release;
		};
		04EE19832708691900027E54 /* Debug */ = {
			isa = XCBuildConfiguration;
			buildSettings = {
				ASSETCATALOG_COMPILER_APPICON_NAME = AppIcon;
				ASSETCATALOG_COMPILER_GLOBAL_ACCENT_COLOR_NAME = AccentColor;
				CODE_SIGN_STYLE = Automatic;
				DEVELOPMENT_TEAM = A3S62WLAUQ;
				INFOPLIST_FILE = Thoughts/Info.plist;
				IPHONEOS_DEPLOYMENT_TARGET = 13.6;
				LD_RUNPATH_SEARCH_PATHS = (
					"$(inherited)",
					"@executable_path/Frameworks",
				);
				PRODUCT_BUNDLE_IDENTIFIER = GriDi.Thoughts;
				PRODUCT_NAME = "$(TARGET_NAME)";
				SWIFT_VERSION = 5.0;
				TARGETED_DEVICE_FAMILY = 1;
			};
			name = Debug;
		};
		04EE19842708691900027E54 /* Release */ = {
			isa = XCBuildConfiguration;
			buildSettings = {
				ASSETCATALOG_COMPILER_APPICON_NAME = AppIcon;
				ASSETCATALOG_COMPILER_GLOBAL_ACCENT_COLOR_NAME = AccentColor;
				CODE_SIGN_STYLE = Automatic;
				DEVELOPMENT_TEAM = A3S62WLAUQ;
				INFOPLIST_FILE = Thoughts/Info.plist;
				IPHONEOS_DEPLOYMENT_TARGET = 13.6;
				LD_RUNPATH_SEARCH_PATHS = (
					"$(inherited)",
					"@executable_path/Frameworks",
				);
				PRODUCT_BUNDLE_IDENTIFIER = GriDi.Thoughts;
				PRODUCT_NAME = "$(TARGET_NAME)";
				SWIFT_VERSION = 5.0;
				TARGETED_DEVICE_FAMILY = 1;
			};
			name = Release;
		};
/* End XCBuildConfiguration section */

/* Begin XCConfigurationList section */
		04EE19692708691500027E54 /* Build configuration list for PBXProject "Thoughts" */ = {
			isa = XCConfigurationList;
			buildConfigurations = (
				04EE19802708691900027E54 /* Debug */,
				04EE19812708691900027E54 /* Release */,
			);
			defaultConfigurationIsVisible = 0;
			defaultConfigurationName = Release;
		};
		04EE19822708691900027E54 /* Build configuration list for PBXNativeTarget "Thoughts" */ = {
			isa = XCConfigurationList;
			buildConfigurations = (
				04EE19832708691900027E54 /* Debug */,
				04EE19842708691900027E54 /* Release */,
			);
			defaultConfigurationIsVisible = 0;
			defaultConfigurationName = Release;
		};
/* End XCConfigurationList section */

/* Begin XCRemoteSwiftPackageReference section */
		0497D0E9270E94F600781699 /* XCRemoteSwiftPackageReference "firebase-ios-sdk" */ = {
			isa = XCRemoteSwiftPackageReference;
			repositoryURL = "https://github.com/firebase/firebase-ios-sdk.git";
			requirement = {
				kind = upToNextMajorVersion;
				minimumVersion = 8.8.1;
			};
		};
		0497D0F22713F1D200781699 /* XCRemoteSwiftPackageReference "purchases-ios" */ = {
			isa = XCRemoteSwiftPackageReference;
			repositoryURL = "https://github.com/RevenueCat/purchases-ios";
			requirement = {
				kind = upToNextMajorVersion;
				minimumVersion = 3.12.6;
			};
		};
/* End XCRemoteSwiftPackageReference section */

/* Begin XCSwiftPackageProductDependency section */
		0497D0EA270E94F600781699 /* FirebaseAuth */ = {
			isa = XCSwiftPackageProductDependency;
			package = 0497D0E9270E94F600781699 /* XCRemoteSwiftPackageReference "firebase-ios-sdk" */;
			productName = FirebaseAuth;
		};
		0497D0EC270E94F600781699 /* FirebaseStorage */ = {
			isa = XCSwiftPackageProductDependency;
			package = 0497D0E9270E94F600781699 /* XCRemoteSwiftPackageReference "firebase-ios-sdk" */;
			productName = FirebaseStorage;
		};
		0497D0EE270E94F600781699 /* FirebaseFirestore */ = {
			isa = XCSwiftPackageProductDependency;
			package = 0497D0E9270E94F600781699 /* XCRemoteSwiftPackageReference "firebase-ios-sdk" */;
			productName = FirebaseFirestore;
		};
		0497D0F32713F1D200781699 /* Purchases */ = {
			isa = XCSwiftPackageProductDependency;
			package = 0497D0F22713F1D200781699 /* XCRemoteSwiftPackageReference "purchases-ios" */;
			productName = Purchases;
		};
/* End XCSwiftPackageProductDependency section */
	};
	rootObject = 04EE19662708691500027E54 /* Project object */;
}
